
Microsoft Visual Studio Solution File, Format Version 12.00
# Visual Studio Version 16
VisualStudioVersion = 16.0.29418.71
MinimumVisualStudioVersion = 10.0.40219.1
Project("{FAE04EC0-301F-11D3-BF4B-00C04F79EFBC}") = "Loadbalancer", "Loadbalancer-Fabian-Hofman\Loadbalancer.csproj", "{FE9781E9-1BB1-478C-A6DB-ED0F8DF379EA}"
EndProject
Project("{FAE04EC0-301F-11D3-BF4B-00C04F79EFBC}") = "BaseAlgorithms", "BaseAlgorithms\BaseAlgorithms.csproj", "{6826B989-FE41-477F-BF5D-0AB8959AC69C}"
EndProject
Project("{FAE04EC0-301F-11D3-BF4B-00C04F79EFBC}") = "AdditionalAlgorithms", "AdditionalAlgorithms\AdditionalAlgorithms.csproj", "{B7C5C2E2-AF24-41B1-97DE-7E8BCB10BD36}"
EndProject
Global
	GlobalSection(SolutionConfigurationPlatforms) = preSolution
		Debug|Any CPU = Debug|Any CPU
		Release|Any CPU = Release|Any CPU
	EndGlobalSection
	GlobalSection(ProjectConfigurationPlatforms) = postSolution
		{FE9781E9-1BB1-478C-A6DB-ED0F8DF379EA}.Debug|Any CPU.ActiveCfg = Debug|Any CPU
		{FE9781E9-1BB1-478C-A6DB-ED0F8DF379EA}.Debug|Any CPU.Build.0 = Debug|Any CPU
		{FE9781E9-1BB1-478C-A6DB-ED0F8DF379EA}.Release|Any CPU.ActiveCfg = Release|Any CPU
		{FE9781E9-1BB1-478C-A6DB-ED0F8DF379EA}.Release|Any CPU.Build.0 = Release|Any CPU
		{6826B989-FE41-477F-BF5D-0AB8959AC69C}.Debug|Any CPU.ActiveCfg = Debug|Any CPU
		{6826B989-FE41-477F-BF5D-0AB8959AC69C}.Debug|Any CPU.Build.0 = Debug|Any CPU
		{6826B989-FE41-477F-BF5D-0AB8959AC69C}.Release|Any CPU.ActiveCfg = Release|Any CPU
		{6826B989-FE41-477F-BF5D-0AB8959AC69C}.Release|Any CPU.Build.0 = Release|Any CPU
		{B7C5C2E2-AF24-41B1-97DE-7E8BCB10BD36}.Debug|Any CPU.ActiveCfg = Debug|Any CPU
		{B7C5C2E2-AF24-41B1-97DE-7E8BCB10BD36}.Debug|Any CPU.Build.0 = Debug|Any CPU
		{B7C5C2E2-AF24-41B1-97DE-7E8BCB10BD36}.Release|Any CPU.ActiveCfg = Release|Any CPU
		{B7C5C2E2-AF24-41B1-97DE-7E8BCB10BD36}.Release|Any CPU.Build.0 = Release|Any CPU
	EndGlobalSection
	GlobalSection(SolutionProperties) = preSolution
		HideSolutionNode = FALSE
	EndGlobalSection
	GlobalSection(ExtensibilityGlobals) = postSolution
		SolutionGuid = {F755B987-4072-4069-8D8F-55658D9A7695}
	EndGlobalSection
EndGlobal
